
Microsoft Visual Studio Solution File, Format Version 12.00
# Visual Studio Version 16
VisualStudioVersion = 16.0.31205.134
MinimumVisualStudioVersion = 10.0.40219.1
Project("{FAE04EC0-301F-11D3-BF4B-00C04F79EFBC}") = "FhirAPI", "FhirAPI\FhirAPI.csproj", "{5F226E62-5A2C-4406-B11B-DC0C449DA543}"
EndProject
Global
	GlobalSection(SolutionConfigurationPlatforms) = preSolution
		Debug|Any CPU = Debug|Any CPU
		Release|Any CPU = Release|Any CPU
	EndGlobalSection
	GlobalSection(ProjectConfigurationPlatforms) = postSolution
		{5F226E62-5A2C-4406-B11B-DC0C449DA543}.Debug|Any CPU.ActiveCfg = Debug|Any CPU
		{5F226E62-5A2C-4406-B11B-DC0C449DA543}.Debug|Any CPU.Build.0 = Debug|Any CPU
		{5F226E62-5A2C-4406-B11B-DC0C449DA543}.Release|Any CPU.ActiveCfg = Release|Any CPU
		{5F226E62-5A2C-4406-B11B-DC0C449DA543}.Release|Any CPU.Build.0 = Release|Any CPU
	EndGlobalSection
	GlobalSection(SolutionProperties) = preSolution
		HideSolutionNode = FALSE
	EndGlobalSection
	GlobalSection(ExtensibilityGlobals) = postSolution
		SolutionGuid = {69697A40-A929-49D5-880B-A0D2BB5B8343}
	EndGlobalSection
EndGlobal
